
Microsoft Visual Studio Solution File, Format Version 12.00
# Visual Studio 15
VisualStudioVersion = 15.0.28307.1300
MinimumVisualStudioVersion = 10.0.40219.1
Project("{FAE04EC0-301F-11D3-BF4B-00C04F79EFBC}") = "NewtConfig", "NewtConfig\NewtConfig.csproj", "{0A4E7DA7-3BFC-4054-8D8C-AF425822452E}"
EndProject
Global
	GlobalSection(SolutionConfigurationPlatforms) = preSolution
		Debug|Any CPU = Debug|Any CPU
		Release|Any CPU = Release|Any CPU
	EndGlobalSection
	GlobalSection(ProjectConfigurationPlatforms) = postSolution
		{0A4E7DA7-3BFC-4054-8D8C-AF425822452E}.Debug|Any CPU.ActiveCfg = Debug|Any CPU
		{0A4E7DA7-3BFC-4054-8D8C-AF425822452E}.Debug|Any CPU.Build.0 = Debug|Any CPU
		{0A4E7DA7-3BFC-4054-8D8C-AF425822452E}.Release|Any CPU.ActiveCfg = Release|Any CPU
		{0A4E7DA7-3BFC-4054-8D8C-AF425822452E}.Release|Any CPU.Build.0 = Release|Any CPU
	EndGlobalSection
	GlobalSection(SolutionProperties) = preSolution
		HideSolutionNode = FALSE
	EndGlobalSection
	GlobalSection(ExtensibilityGlobals) = postSolution
		SolutionGuid = {26025CC0-8436-44BF-8F54-565707FF4620}
	EndGlobalSection
EndGlobal
